
Microsoft Visual Studio Solution File, Format Version 12.00
# Visual Studio 2012
Project("{FAE04EC0-301F-11D3-BF4B-00C04F79EFBC}") = "Incoding", "Incoding\Incoding.csproj", "{D66AD474-A026-4AB2-B475-6477488443C4}"
EndProject
Project("{FAE04EC0-301F-11D3-BF4B-00C04F79EFBC}") = "Incoding.UnitTest", "Incoding.UnitTest\Incoding.UnitTest.csproj", "{ECE7EC3C-8D92-40A4-930A-00F541F46C62}"
EndProject
Project("{FAE04EC0-301F-11D3-BF4B-00C04F79EFBC}") = "Incoding.SiteTest", "Incoding.SiteTest\Incoding.SiteTest.csproj", "{FE64E248-A5C7-472A-93E0-68B5EC8A8DA4}"
EndProject
Project("{2150E333-8FDC-42A3-9474-1A3956D46DE8}") = "Framework", "Framework", "{506ED6C6-6671-43EC-98A9-5FBF14201B62}"
EndProject
Project("{FAE04EC0-301F-11D3-BF4B-00C04F79EFBC}") = "Incoding.NuGet", "Incoding.NuGet\Incoding.NuGet.csproj", "{0451BAEF-DF2E-4B98-8644-94EE9415E389}"
EndProject
Project("{FAE04EC0-301F-11D3-BF4B-00C04F79EFBC}") = "Incoding.MSpecContrib", "Incoding.MSpecContrib\Incoding.MSpecContrib.csproj", "{D07EC3BB-F2FD-4093-838B-39C73B42140E}"
EndProject
Global
	GlobalSection(SolutionConfigurationPlatforms) = preSolution
		Debug|Any CPU = Debug|Any CPU
		Publish|Any CPU = Publish|Any CPU
		Release|Any CPU = Release|Any CPU
	EndGlobalSection
	GlobalSection(ProjectConfigurationPlatforms) = postSolution
		{D66AD474-A026-4AB2-B475-6477488443C4}.Debug|Any CPU.ActiveCfg = Debug|Any CPU
		{D66AD474-A026-4AB2-B475-6477488443C4}.Debug|Any CPU.Build.0 = Debug|Any CPU
		{D66AD474-A026-4AB2-B475-6477488443C4}.Publish|Any CPU.ActiveCfg = Publish|Any CPU
		{D66AD474-A026-4AB2-B475-6477488443C4}.Publish|Any CPU.Build.0 = Publish|Any CPU
		{D66AD474-A026-4AB2-B475-6477488443C4}.Release|Any CPU.ActiveCfg = Release|Any CPU
		{D66AD474-A026-4AB2-B475-6477488443C4}.Release|Any CPU.Build.0 = Release|Any CPU
		{ECE7EC3C-8D92-40A4-930A-00F541F46C62}.Debug|Any CPU.ActiveCfg = Debug|Any CPU
		{ECE7EC3C-8D92-40A4-930A-00F541F46C62}.Debug|Any CPU.Build.0 = Debug|Any CPU
		{ECE7EC3C-8D92-40A4-930A-00F541F46C62}.Publish|Any CPU.ActiveCfg = Release|Any CPU
		{ECE7EC3C-8D92-40A4-930A-00F541F46C62}.Publish|Any CPU.Build.0 = Release|Any CPU
		{ECE7EC3C-8D92-40A4-930A-00F541F46C62}.Release|Any CPU.ActiveCfg = Release|Any CPU
		{ECE7EC3C-8D92-40A4-930A-00F541F46C62}.Release|Any CPU.Build.0 = Release|Any CPU
		{FE64E248-A5C7-472A-93E0-68B5EC8A8DA4}.Debug|Any CPU.ActiveCfg = Debug|Any CPU
		{FE64E248-A5C7-472A-93E0-68B5EC8A8DA4}.Debug|Any CPU.Build.0 = Debug|Any CPU
		{FE64E248-A5C7-472A-93E0-68B5EC8A8DA4}.Publish|Any CPU.ActiveCfg = Release|Any CPU
		{FE64E248-A5C7-472A-93E0-68B5EC8A8DA4}.Publish|Any CPU.Build.0 = Release|Any CPU
		{FE64E248-A5C7-472A-93E0-68B5EC8A8DA4}.Release|Any CPU.ActiveCfg = Release|Any CPU
		{FE64E248-A5C7-472A-93E0-68B5EC8A8DA4}.Release|Any CPU.Build.0 = Release|Any CPU
		{0451BAEF-DF2E-4B98-8644-94EE9415E389}.Debug|Any CPU.ActiveCfg = Debug|Any CPU
		{0451BAEF-DF2E-4B98-8644-94EE9415E389}.Debug|Any CPU.Build.0 = Debug|Any CPU
		{0451BAEF-DF2E-4B98-8644-94EE9415E389}.Publish|Any CPU.ActiveCfg = Release|Any CPU
		{0451BAEF-DF2E-4B98-8644-94EE9415E389}.Publish|Any CPU.Build.0 = Release|Any CPU
		{0451BAEF-DF2E-4B98-8644-94EE9415E389}.Release|Any CPU.ActiveCfg = Release|Any CPU
		{0451BAEF-DF2E-4B98-8644-94EE9415E389}.Release|Any CPU.Build.0 = Release|Any CPU
		{D07EC3BB-F2FD-4093-838B-39C73B42140E}.Debug|Any CPU.ActiveCfg = Debug|Any CPU
		{D07EC3BB-F2FD-4093-838B-39C73B42140E}.Debug|Any CPU.Build.0 = Debug|Any CPU
		{D07EC3BB-F2FD-4093-838B-39C73B42140E}.Publish|Any CPU.ActiveCfg = Release|Any CPU
		{D07EC3BB-F2FD-4093-838B-39C73B42140E}.Publish|Any CPU.Build.0 = Release|Any CPU
		{D07EC3BB-F2FD-4093-838B-39C73B42140E}.Release|Any CPU.ActiveCfg = Release|Any CPU
		{D07EC3BB-F2FD-4093-838B-39C73B42140E}.Release|Any CPU.Build.0 = Release|Any CPU
	EndGlobalSection
	GlobalSection(SolutionProperties) = preSolution
		HideSolutionNode = FALSE
	EndGlobalSection
	GlobalSection(NestedProjects) = preSolution
		{D66AD474-A026-4AB2-B475-6477488443C4} = {506ED6C6-6671-43EC-98A9-5FBF14201B62}
		{D07EC3BB-F2FD-4093-838B-39C73B42140E} = {506ED6C6-6671-43EC-98A9-5FBF14201B62}
		{ECE7EC3C-8D92-40A4-930A-00F541F46C62} = {506ED6C6-6671-43EC-98A9-5FBF14201B62}
	EndGlobalSection
	GlobalSection(ExtensibilityGlobals) = postSolution
		BuildVersion_BuildVersioningStyle = None.None.None.None
		BuildVersion_DetectChanges = True
		BuildVersion_IncrementBeforeBuild = True
		BuildVersion_BuildAction = ReBuild
		BuildVersion_UpdateFileVersion = False
		BuildVersion_UpdateAssemblyVersion = False
	EndGlobalSection
	GlobalSection(NDepend) = preSolution
		Project = ".\IncFramework.ndproj"
	EndGlobalSection
EndGlobal
